// !$*UTF8*$!
{
	archiveVersion = 1;
	classes = {
	};
	objectVersion = 48;
	objects = {

/* Begin PBXBuildFile section */
		2C9F57FB1FEA944E00372C1B /* AppDelegate.swift in Sources */ = {isa = PBXBuildFile; fileRef = 2C9F57FA1FEA944E00372C1B /* AppDelegate.swift */; };
		2C9F57FD1FEA944E00372C1B /* ViewController.swift in Sources */ = {isa = PBXBuildFile; fileRef = 2C9F57FC1FEA944E00372C1B /* ViewController.swift */; };
		2C9F58001FEA944E00372C1B /* Main.storyboard in Resources */ = {isa = PBXBuildFile; fileRef = 2C9F57FE1FEA944E00372C1B /* Main.storyboard */; };
		2C9F58021FEA944E00372C1B /* Assets.xcassets in Resources */ = {isa = PBXBuildFile; fileRef = 2C9F58011FEA944E00372C1B /* Assets.xcassets */; };
		2C9F58051FEA944E00372C1B /* LaunchScreen.storyboard in Resources */ = {isa = PBXBuildFile; fileRef = 2C9F58031FEA944E00372C1B /* LaunchScreen.storyboard */; };
		2C9F580D1FEA948100372C1B /* Stomt.framework in Frameworks */ = {isa = PBXBuildFile; fileRef = 2C9F580E1FEA948100372C1B /* Stomt.framework */; };
/* End PBXBuildFile section */

/* Begin PBXFileReference section */
		2C9F57F71FEA944E00372C1B /* iOS Example App.app */ = {isa = PBXFileReference; explicitFileType = wrapper.application; includeInIndex = 0; path = "iOS Example App.app"; sourceTree = BUILT_PRODUCTS_DIR; };
		2C9F57FA1FEA944E00372C1B /* AppDelegate.swift */ = {isa = PBXFileReference; lastKnownFileType = sourcecode.swift; path = AppDelegate.swift; sourceTree = "<group>"; };
		2C9F57FC1FEA944E00372C1B /* ViewController.swift */ = {isa = PBXFileReference; lastKnownFileType = sourcecode.swift; path = ViewController.swift; sourceTree = "<group>"; };
		2C9F57FF1FEA944E00372C1B /* Base */ = {isa = PBXFileReference; lastKnownFileType = file.storyboard; name = Base; path = Base.lproj/Main.storyboard; sourceTree = "<group>"; };
		2C9F58011FEA944E00372C1B /* Assets.xcassets */ = {isa = PBXFileReference; lastKnownFileType = folder.assetcatalog; path = Assets.xcassets; sourceTree = "<group>"; };
		2C9F58041FEA944E00372C1B /* Base */ = {isa = PBXFileReference; lastKnownFileType = file.storyboard; name = Base; path = Base.lproj/LaunchScreen.storyboard; sourceTree = "<group>"; };
		2C9F58061FEA944E00372C1B /* Info.plist */ = {isa = PBXFileReference; lastKnownFileType = text.plist.xml; path = Info.plist; sourceTree = "<group>"; };
		2C9F580E1FEA948100372C1B /* Stomt.framework */ = {isa = PBXFileReference; explicitFileType = wrapper.framework; path = Stomt.framework; sourceTree = BUILT_PRODUCTS_DIR; };
/* End PBXFileReference section */

/* Begin PBXFrameworksBuildPhase section */
		2C9F57F41FEA944E00372C1B /* Frameworks */ = {
			isa = PBXFrameworksBuildPhase;
			buildActionMask = 2147483647;
			files = (
				2C9F580D1FEA948100372C1B /* Stomt.framework in Frameworks */,
			);
			runOnlyForDeploymentPostprocessing = 0;
		};
/* End PBXFrameworksBuildPhase section */

/* Begin PBXGroup section */
		2C9F57EE1FEA944E00372C1B = {
			isa = PBXGroup;
			children = (
				2C9F57F91FEA944E00372C1B /* iOS Example App */,
				2C9F57F81FEA944E00372C1B /* Products */,
				2C9F580C1FEA948100372C1B /* Frameworks */,
			);
			sourceTree = "<group>";
		};
		2C9F57F81FEA944E00372C1B /* Products */ = {
			isa = PBXGroup;
			children = (
				2C9F57F71FEA944E00372C1B /* iOS Example App.app */,
			);
			name = Products;
			sourceTree = "<group>";
		};
		2C9F57F91FEA944E00372C1B /* iOS Example App */ = {
			isa = PBXGroup;
			children = (
				2C9F57FA1FEA944E00372C1B /* AppDelegate.swift */,
				2C9F57FC1FEA944E00372C1B /* ViewController.swift */,
				2C9F57FE1FEA944E00372C1B /* Main.storyboard */,
				2C9F58011FEA944E00372C1B /* Assets.xcassets */,
				2C9F58031FEA944E00372C1B /* LaunchScreen.storyboard */,
				2C9F58061FEA944E00372C1B /* Info.plist */,
			);
			path = "iOS Example App";
			sourceTree = "<group>";
		};
		2C9F580C1FEA948100372C1B /* Frameworks */ = {
			isa = PBXGroup;
			children = (
				2C9F580E1FEA948100372C1B /* Stomt.framework */,
			);
			name = Frameworks;
			sourceTree = "<group>";
		};
/* End PBXGroup section */

/* Begin PBXNativeTarget section */
		2C9F57F61FEA944E00372C1B /* iOS Example App */ = {
			isa = PBXNativeTarget;
			buildConfigurationList = 2C9F58091FEA944E00372C1B /* Build configuration list for PBXNativeTarget "iOS Example App" */;
			buildPhases = (
				2C9F57F31FEA944E00372C1B /* Sources */,
				2C9F57F41FEA944E00372C1B /* Frameworks */,
				2C9F57F51FEA944E00372C1B /* Resources */,
			);
			buildRules = (
			);
			dependencies = (
			);
			name = "iOS Example App";
			productName = "iOS Example App";
			productReference = 2C9F57F71FEA944E00372C1B /* iOS Example App.app */;
			productType = "com.apple.product-type.application";
		};
/* End PBXNativeTarget section */

/* Begin PBXProject section */
		2C9F57EF1FEA944E00372C1B /* Project object */ = {
			isa = PBXProject;
			attributes = {
				LastSwiftUpdateCheck = 0910;
				LastUpgradeCheck = 0910;
				ORGANIZATIONNAME = stomt;
				TargetAttributes = {
					2C9F57F61FEA944E00372C1B = {
						CreatedOnToolsVersion = 9.1;
						ProvisioningStyle = Automatic;
					};
				};
			};
			buildConfigurationList = 2C9F57F21FEA944E00372C1B /* Build configuration list for PBXProject "iOS Example App" */;
			compatibilityVersion = "Xcode 8.0";
			developmentRegion = en;
			hasScannedForEncodings = 0;
			knownRegions = (
				en,
				Base,
			);
			mainGroup = 2C9F57EE1FEA944E00372C1B;
			productRefGroup = 2C9F57F81FEA944E00372C1B /* Products */;
			projectDirPath = "";
			projectRoot = "";
			targets = (
				2C9F57F61FEA944E00372C1B /* iOS Example App */,
			);
		};
/* End PBXProject section */

/* Begin PBXResourcesBuildPhase section */
		2C9F57F51FEA944E00372C1B /* Resources */ = {
			isa = PBXResourcesBuildPhase;
			buildActionMask = 2147483647;
			files = (
				2C9F58051FEA944E00372C1B /* LaunchScreen.storyboard in Resources */,
				2C9F58021FEA944E00372C1B /* Assets.xcassets in Resources */,
				2C9F58001FEA944E00372C1B /* Main.storyboard in Resources */,
			);
			runOnlyForDeploymentPostprocessing = 0;
		};
/* End PBXResourcesBuildPhase section */

/* Begin PBXSourcesBuildPhase section */
		2C9F57F31FEA944E00372C1B /* Sources */ = {
			isa = PBXSourcesBuildPhase;
			buildActionMask = 2147483647;
			files = (
				2C9F57FD1FEA944E00372C1B /* ViewController.swift in Sources */,
				2C9F57FB1FEA944E00372C1B /* AppDelegate.swift in Sources */,
			);
			runOnlyForDeploymentPostprocessing = 0;
		};
/* End PBXSourcesBuildPhase section */

/* Begin PBXVariantGroup section */
		2C9F57FE1FEA944E00372C1B /* Main.storyboard */ = {
			isa = PBXVariantGroup;
			children = (
				2C9F57FF1FEA944E00372C1B /* Base */,
			);
			name = Main.storyboard;
			sourceTree = "<group>";
		};
		2C9F58031FEA944E00372C1B /* LaunchScreen.storyboard */ = {
			isa = PBXVariantGroup;
			children = (
				2C9F58041FEA944E00372C1B /* Base */,
			);
			name = LaunchScreen.storyboard;
			sourceTree = "<group>";
		};
/* End PBXVariantGroup section */

/* Begin XCBuildConfiguration section */
		2C9F58071FEA944E00372C1B /* Debug */ = {
			isa = XCBuildConfiguration;
			buildSettings = {
				ALWAYS_SEARCH_USER_PATHS = NO;
				CLANG_ANALYZER_NONNULL = YES;
				CLANG_ANALYZER_NUMBER_OBJECT_CONVERSION = YES_AGGRESSIVE;
				CLANG_CXX_LANGUAGE_STANDARD = "gnu++14";
				CLANG_CXX_LIBRARY = "libc++";
				CLANG_ENABLE_MODULES = YES;
				CLANG_ENABLE_OBJC_ARC = YES;
				CLANG_WARN_BLOCK_CAPTURE_AUTORELEASING = YES;
				CLANG_WARN_BOOL_CONVERSION = YES;
				CLANG_WARN_COMMA = YES;
				CLANG_WARN_CONSTANT_CONVERSION = YES;
				CLANG_WARN_DIRECT_OBJC_ISA_USAGE = YES_ERROR;
				CLANG_WARN_DOCUMENTATION_COMMENTS = YES;
				CLANG_WARN_EMPTY_BODY = YES;
				CLANG_WARN_ENUM_CONVERSION = YES;
				CLANG_WARN_INFINITE_RECURSION = YES;
				CLANG_WARN_INT_CONVERSION = YES;
				CLANG_WARN_NON_LITERAL_NULL_CONVERSION = YES;
				CLANG_WARN_OBJC_LITERAL_CONVERSION = YES;
				CLANG_WARN_OBJC_ROOT_CLASS = YES_ERROR;
				CLANG_WARN_RANGE_LOOP_ANALYSIS = YES;
				CLANG_WARN_STRICT_PROTOTYPES = YES;
				CLANG_WARN_SUSPICIOUS_MOVE = YES;
				CLANG_WARN_UNGUARDED_AVAILABILITY = YES_AGGRESSIVE;
				CLANG_WARN_UNREACHABLE_CODE = YES;
				CLANG_WARN__DUPLICATE_METHOD_MATCH = YES;
				CODE_SIGN_IDENTITY = "iPhone Developer";
				COPY_PHASE_STRIP = NO;
				DEBUG_INFORMATION_FORMAT = dwarf;
				ENABLE_STRICT_OBJC_MSGSEND = YES;
				ENABLE_TESTABILITY = YES;
				GCC_C_LANGUAGE_STANDARD = gnu11;
				GCC_DYNAMIC_NO_PIC = NO;
				GCC_NO_COMMON_BLOCKS = YES;
				GCC_OPTIMIZATION_LEVEL = 0;
				GCC_PREPROCESSOR_DEFINITIONS = (
					"DEBUG=1",
					"$(inherited)",
				);
				GCC_WARN_64_TO_32_BIT_CONVERSION = YES;
				GCC_WARN_ABOUT_RETURN_TYPE = YES_ERROR;
				GCC_WARN_UNDECLARED_SELECTOR = YES;
				GCC_WARN_UNINITIALIZED_AUTOS = YES_AGGRESSIVE;
				GCC_WARN_UNUSED_FUNCTION = YES;
				GCC_WARN_UNUSED_VARIABLE = YES;
				IPHONEOS_DEPLOYMENT_TARGET = 11.1;
				MTL_ENABLE_DEBUG_INFO = YES;
				ONLY_ACTIVE_ARCH = YES;
				SDKROOT = iphoneos;
				SWIFT_ACTIVE_COMPILATION_CONDITIONS = DEBUG;
				SWIFT_OPTIMIZATION_LEVEL = "-Onone";
			};
			name = Debug;
		};
		2C9F58081FEA944E00372C1B /* Release */ = {
			isa = XCBuildConfiguration;
			buildSettings = {
				ALWAYS_SEARCH_USER_PATHS = NO;
				CLANG_ANALYZER_NONNULL = YES;
				CLANG_ANALYZER_NUMBER_OBJECT_CONVERSION = YES_AGGRESSIVE;
				CLANG_CXX_LANGUAGE_STANDARD = "gnu++14";
				CLANG_CXX_LIBRARY = "libc++";
				CLANG_ENABLE_MODULES = YES;
				CLANG_ENABLE_OBJC_ARC = YES;
				CLANG_WARN_BLOCK_CAPTURE_AUTORELEASING = YES;
				CLANG_WARN_BOOL_CONVERSION = YES;
				CLANG_WARN_COMMA = YES;
				CLANG_WARN_CONSTANT_CONVERSION = YES;
				CLANG_WARN_DIRECT_OBJC_ISA_USAGE = YES_ERROR;
				CLANG_WARN_DOCUMENTATION_COMMENTS = YES;
				CLANG_WARN_EMPTY_BODY = YES;
				CLANG_WARN_ENUM_CONVERSION = YES;
				CLANG_WARN_INFINITE_RECURSION = YES;
				CLANG_WARN_INT_CONVERSION = YES;
				CLANG_WARN_NON_LITERAL_NULL_CONVERSION = YES;
				CLANG_WARN_OBJC_LITERAL_CONVERSION = YES;
				CLANG_WARN_OBJC_ROOT_CLASS = YES_ERROR;
				CLANG_WARN_RANGE_LOOP_ANALYSIS = YES;
				CLANG_WARN_STRICT_PROTOTYPES = YES;
				CLANG_WARN_SUSPICIOUS_MOVE = YES;
				CLANG_WARN_UNGUARDED_AVAILABILITY = YES_AGGRESSIVE;
				CLANG_WARN_UNREACHABLE_CODE = YES;
				CLANG_WARN__DUPLICATE_METHOD_MATCH = YES;
				CODE_SIGN_IDENTITY = "iPhone Developer";
				COPY_PHASE_STRIP = NO;
				DEBUG_INFORMATION_FORMAT = "dwarf-with-dsym";
				ENABLE_NS_ASSERTIONS = NO;
				ENABLE_STRICT_OBJC_MSGSEND = YES;
				GCC_C_LANGUAGE_STANDARD = gnu11;
				GCC_NO_COMMON_BLOCKS = YES;
				GCC_WARN_64_TO_32_BIT_CONVERSION = YES;
				GCC_WARN_ABOUT_RETURN_TYPE = YES_ERROR;
				GCC_WARN_UNDECLARED_SELECTOR = YES;
				GCC_WARN_UNINITIALIZED_AUTOS = YES_AGGRESSIVE;
				GCC_WARN_UNUSED_FUNCTION = YES;
				GCC_WARN_UNUSED_VARIABLE = YES;
				IPHONEOS_DEPLOYMENT_TARGET = 11.1;
				MTL_ENABLE_DEBUG_INFO = NO;
				SDKROOT = iphoneos;
				SWIFT_OPTIMIZATION_LEVEL = "-Owholemodule";
				VALIDATE_PRODUCT = YES;
			};
			name = Release;
		};
		2C9F580A1FEA944E00372C1B /* Debug */ = {
			isa = XCBuildConfiguration;
			buildSettings = {
				ASSETCATALOG_COMPILER_APPICON_NAME = AppIcon;
				CODE_SIGN_STYLE = Automatic;
				DEVELOPMENT_TEAM = UCSC6R94H6;
				INFOPLIST_FILE = "iOS Example App/Info.plist";
				LD_RUNPATH_SEARCH_PATHS = "$(inherited) @executable_path/Frameworks";
				PRODUCT_BUNDLE_IDENTIFIER = "com.stomt.iOS-Example-App";
				PRODUCT_NAME = "$(TARGET_NAME)";
				SWIFT_VERSION = 4.0;
				TARGETED_DEVICE_FAMILY = "1,2";
			};
			name = Debug;
		};
		2C9F580B1FEA944E00372C1B /* Release */ = {
			isa = XCBuildConfiguration;
			buildSettings = {
				ASSETCATALOG_COMPILER_APPICON_NAME = AppIcon;
				CODE_SIGN_STYLE = Automatic;
				DEVELOPMENT_TEAM = UCSC6R94H6;
				INFOPLIST_FILE = "iOS Example App/Info.plist";
				LD_RUNPATH_SEARCH_PATHS = "$(inherited) @executable_path/Frameworks";
				PRODUCT_BUNDLE_IDENTIFIER = "com.stomt.iOS-Example-App";
				PRODUCT_NAME = "$(TARGET_NAME)";
				SWIFT_VERSION = 4.0;
				TARGETED_DEVICE_FAMILY = "1,2";
			};
			name = Release;
		};
/* End XCBuildConfiguration section */

/* Begin XCConfigurationList section */
		2C9F57F21FEA944E00372C1B /* Build configuration list for PBXProject "iOS Example App" */ = {
			isa = XCConfigurationList;
			buildConfigurations = (
				2C9F58071FEA944E00372C1B /* Debug */,
				2C9F58081FEA944E00372C1B /* Release */,
			);
			defaultConfigurationIsVisible = 0;
			defaultConfigurationName = Release;
		};
		2C9F58091FEA944E00372C1B /* Build configuration list for PBXNativeTarget "iOS Example App" */ = {
			isa = XCConfigurationList;
			buildConfigurations = (
				2C9F580A1FEA944E00372C1B /* Debug */,
				2C9F580B1FEA944E00372C1B /* Release */,
			);
			defaultConfigurationIsVisible = 0;
			defaultConfigurationName = Release;
		};
/* End XCConfigurationList section */
	};
	rootObject = 2C9F57EF1FEA944E00372C1B /* Project object */;
}
